
Microsoft Visual Studio Solution File, Format Version 12.00
# Visual Studio 15
VisualStudioVersion = 15.0.28307.1684
MinimumVisualStudioVersion = 10.0.40219.1
Project("{8BC9CEB8-8B4A-11D0-8D11-00A0C91BC942}") = "HW", "HW\HW.vcxproj", "{6873D5B5-5024-4CA4-955D-13626F2D9539}"
EndProject
Global
	GlobalSection(SolutionConfigurationPlatforms) = preSolution
		Debug|x64 = Debug|x64
		Debug|x86 = Debug|x86
		Release|x64 = Release|x64
		Release|x86 = Release|x86
	EndGlobalSection
	GlobalSection(ProjectConfigurationPlatforms) = postSolution
		{6873D5B5-5024-4CA4-955D-13626F2D9539}.Debug|x64.ActiveCfg = Debug|x64
		{6873D5B5-5024-4CA4-955D-13626F2D9539}.Debug|x64.Build.0 = Debug|x64
		{6873D5B5-5024-4CA4-955D-13626F2D9539}.Debug|x86.ActiveCfg = Debug|Win32
		{6873D5B5-5024-4CA4-955D-13626F2D9539}.Debug|x86.Build.0 = Debug|Win32
		{6873D5B5-5024-4CA4-955D-13626F2D9539}.Release|x64.ActiveCfg = Release|x64
		{6873D5B5-5024-4CA4-955D-13626F2D9539}.Release|x64.Build.0 = Release|x64
		{6873D5B5-5024-4CA4-955D-13626F2D9539}.Release|x86.ActiveCfg = Release|Win32
		{6873D5B5-5024-4CA4-955D-13626F2D9539}.Release|x86.Build.0 = Release|Win32
	EndGlobalSection
	GlobalSection(SolutionProperties) = preSolution
		HideSolutionNode = FALSE
	EndGlobalSection
	GlobalSection(ExtensibilityGlobals) = postSolution
		SolutionGuid = {37424FEA-E0DA-4BA7-B61C-D2CDE793F9F3}
	EndGlobalSection
EndGlobal
